
Microsoft Visual Studio Solution File, Format Version 12.00
# Visual Studio 2012
VisualStudioVersion = 12.0.31101.0
MinimumVisualStudioVersion = 10.0.40219.1
Project("{FAE04EC0-301F-11D3-BF4B-00C04F79EFBC}") = "LacunaExpress", "LacunaExpress\LacunaExpress\LacunaExpress.csproj", "{785C7200-9F06-445E-BD48-50F09A7AAD68}"
EndProject
Project("{FAE04EC0-301F-11D3-BF4B-00C04F79EFBC}") = "LacunaExpress.iOS", "LacunaExpress\LacunaExpress.iOS\LacunaExpress.iOS.csproj", "{4C89B772-51B7-447A-B2DA-AB861AAF8507}"
EndProject
Project("{FAE04EC0-301F-11D3-BF4B-00C04F79EFBC}") = "LacunaExpress.Droid", "LacunaExpress\LacunaExpress.Droid\LacunaExpress.Droid.csproj", "{E561C1A0-5F84-42B5-AC2C-4E33717E2D17}"
EndProject
Project("{FAE04EC0-301F-11D3-BF4B-00C04F79EFBC}") = "LacunaExpress.WinPhone", "LacunaExpress\LacunaExpress.WinPhone\LacunaExpress.WinPhone.csproj", "{0E7FDA1B-EAF3-4F50-B3C5-FAB87406C2FA}"
EndProject
Project("{FAE04EC0-301F-11D3-BF4B-00C04F79EFBC}") = "AccountManager", "AccountManager\AccountManager\AccountManager.csproj", "{00DA1DDD-59BE-45FA-80AE-858B6092CCF8}"
EndProject
Project("{FAE04EC0-301F-11D3-BF4B-00C04F79EFBC}") = "LacunaExpanseAPIWrapper", "LacunaExpanseAPIWrapper\LacunaExpanseAPIWrapper.csproj", "{2454B06C-C916-4388-A8F1-635BD447CBC5}"
EndProject
Global
	GlobalSection(SolutionConfigurationPlatforms) = preSolution
		Ad-Hoc|Any CPU = Ad-Hoc|Any CPU
		Ad-Hoc|ARM = Ad-Hoc|ARM
		Ad-Hoc|iPhone = Ad-Hoc|iPhone
		Ad-Hoc|iPhoneSimulator = Ad-Hoc|iPhoneSimulator
		Ad-Hoc|Mixed Platforms = Ad-Hoc|Mixed Platforms
		Ad-Hoc|x86 = Ad-Hoc|x86
		AppStore|Any CPU = AppStore|Any CPU
		AppStore|ARM = AppStore|ARM
		AppStore|iPhone = AppStore|iPhone
		AppStore|iPhoneSimulator = AppStore|iPhoneSimulator
		AppStore|Mixed Platforms = AppStore|Mixed Platforms
		AppStore|x86 = AppStore|x86
		Debug|Any CPU = Debug|Any CPU
		Debug|ARM = Debug|ARM
		Debug|iPhone = Debug|iPhone
		Debug|iPhoneSimulator = Debug|iPhoneSimulator
		Debug|Mixed Platforms = Debug|Mixed Platforms
		Debug|x86 = Debug|x86
		Release|Any CPU = Release|Any CPU
		Release|ARM = Release|ARM
		Release|iPhone = Release|iPhone
		Release|iPhoneSimulator = Release|iPhoneSimulator
		Release|Mixed Platforms = Release|Mixed Platforms
		Release|x86 = Release|x86
	EndGlobalSection
	GlobalSection(ProjectConfigurationPlatforms) = postSolution
		{00DA1DDD-59BE-45FA-80AE-858B6092CCF8}.Ad-Hoc|Any CPU.ActiveCfg = Release|Any CPU
		{00DA1DDD-59BE-45FA-80AE-858B6092CCF8}.Ad-Hoc|Any CPU.Build.0 = Release|Any CPU
		{00DA1DDD-59BE-45FA-80AE-858B6092CCF8}.Ad-Hoc|ARM.ActiveCfg = Release|Any CPU
		{00DA1DDD-59BE-45FA-80AE-858B6092CCF8}.Ad-Hoc|iPhone.ActiveCfg = Release|Any CPU
		{00DA1DDD-59BE-45FA-80AE-858B6092CCF8}.Ad-Hoc|iPhoneSimulator.ActiveCfg = Release|Any CPU
		{00DA1DDD-59BE-45FA-80AE-858B6092CCF8}.Ad-Hoc|Mixed Platforms.ActiveCfg = Release|Any CPU
		{00DA1DDD-59BE-45FA-80AE-858B6092CCF8}.Ad-Hoc|Mixed Platforms.Build.0 = Release|Any CPU
		{00DA1DDD-59BE-45FA-80AE-858B6092CCF8}.Ad-Hoc|x86.ActiveCfg = Release|Any CPU
		{00DA1DDD-59BE-45FA-80AE-858B6092CCF8}.AppStore|Any CPU.ActiveCfg = Release|Any CPU
		{00DA1DDD-59BE-45FA-80AE-858B6092CCF8}.AppStore|Any CPU.Build.0 = Release|Any CPU
		{00DA1DDD-59BE-45FA-80AE-858B6092CCF8}.AppStore|ARM.ActiveCfg = Release|Any CPU
		{00DA1DDD-59BE-45FA-80AE-858B6092CCF8}.AppStore|iPhone.ActiveCfg = Release|Any CPU
		{00DA1DDD-59BE-45FA-80AE-858B6092CCF8}.AppStore|iPhoneSimulator.ActiveCfg = Release|Any CPU
		{00DA1DDD-59BE-45FA-80AE-858B6092CCF8}.AppStore|Mixed Platforms.ActiveCfg = Release|Any CPU
		{00DA1DDD-59BE-45FA-80AE-858B6092CCF8}.AppStore|Mixed Platforms.Build.0 = Release|Any CPU
		{00DA1DDD-59BE-45FA-80AE-858B6092CCF8}.AppStore|x86.ActiveCfg = Release|Any CPU
		{00DA1DDD-59BE-45FA-80AE-858B6092CCF8}.Debug|Any CPU.ActiveCfg = Debug|Any CPU
		{00DA1DDD-59BE-45FA-80AE-858B6092CCF8}.Debug|Any CPU.Build.0 = Debug|Any CPU
		{00DA1DDD-59BE-45FA-80AE-858B6092CCF8}.Debug|ARM.ActiveCfg = Debug|Any CPU
		{00DA1DDD-59BE-45FA-80AE-858B6092CCF8}.Debug|iPhone.ActiveCfg = Debug|Any CPU
		{00DA1DDD-59BE-45FA-80AE-858B6092CCF8}.Debug|iPhoneSimulator.ActiveCfg = Debug|Any CPU
		{00DA1DDD-59BE-45FA-80AE-858B6092CCF8}.Debug|Mixed Platforms.ActiveCfg = Debug|Any CPU
		{00DA1DDD-59BE-45FA-80AE-858B6092CCF8}.Debug|Mixed Platforms.Build.0 = Debug|Any CPU
		{00DA1DDD-59BE-45FA-80AE-858B6092CCF8}.Debug|x86.ActiveCfg = Debug|Any CPU
		{00DA1DDD-59BE-45FA-80AE-858B6092CCF8}.Release|Any CPU.ActiveCfg = Release|Any CPU
		{00DA1DDD-59BE-45FA-80AE-858B6092CCF8}.Release|Any CPU.Build.0 = Release|Any CPU
		{00DA1DDD-59BE-45FA-80AE-858B6092CCF8}.Release|ARM.ActiveCfg = Release|Any CPU
		{00DA1DDD-59BE-45FA-80AE-858B6092CCF8}.Release|iPhone.ActiveCfg = Release|Any CPU
		{00DA1DDD-59BE-45FA-80AE-858B6092CCF8}.Release|iPhoneSimulator.ActiveCfg = Release|Any CPU
		{00DA1DDD-59BE-45FA-80AE-858B6092CCF8}.Release|Mixed Platforms.ActiveCfg = Release|Any CPU
		{00DA1DDD-59BE-45FA-80AE-858B6092CCF8}.Release|Mixed Platforms.Build.0 = Release|Any CPU
		{00DA1DDD-59BE-45FA-80AE-858B6092CCF8}.Release|x86.ActiveCfg = Release|Any CPU
		{0E7FDA1B-EAF3-4F50-B3C5-FAB87406C2FA}.Ad-Hoc|Any CPU.ActiveCfg = Release|Any CPU
		{0E7FDA1B-EAF3-4F50-B3C5-FAB87406C2FA}.Ad-Hoc|Any CPU.Build.0 = Release|Any CPU
		{0E7FDA1B-EAF3-4F50-B3C5-FAB87406C2FA}.Ad-Hoc|Any CPU.Deploy.0 = Release|Any CPU
		{0E7FDA1B-EAF3-4F50-B3C5-FAB87406C2FA}.Ad-Hoc|ARM.ActiveCfg = Release|ARM
		{0E7FDA1B-EAF3-4F50-B3C5-FAB87406C2FA}.Ad-Hoc|ARM.Build.0 = Release|ARM
		{0E7FDA1B-EAF3-4F50-B3C5-FAB87406C2FA}.Ad-Hoc|ARM.Deploy.0 = Release|ARM
		{0E7FDA1B-EAF3-4F50-B3C5-FAB87406C2FA}.Ad-Hoc|iPhone.ActiveCfg = Release|Any CPU
		{0E7FDA1B-EAF3-4F50-B3C5-FAB87406C2FA}.Ad-Hoc|iPhoneSimulator.ActiveCfg = Release|Any CPU
		{0E7FDA1B-EAF3-4F50-B3C5-FAB87406C2FA}.Ad-Hoc|Mixed Platforms.ActiveCfg = Release|x86
		{0E7FDA1B-EAF3-4F50-B3C5-FAB87406C2FA}.Ad-Hoc|Mixed Platforms.Build.0 = Release|x86
		{0E7FDA1B-EAF3-4F50-B3C5-FAB87406C2FA}.Ad-Hoc|Mixed Platforms.Deploy.0 = Release|x86
		{0E7FDA1B-EAF3-4F50-B3C5-FAB87406C2FA}.Ad-Hoc|x86.ActiveCfg = Release|x86
		{0E7FDA1B-EAF3-4F50-B3C5-FAB87406C2FA}.Ad-Hoc|x86.Build.0 = Release|x86
		{0E7FDA1B-EAF3-4F50-B3C5-FAB87406C2FA}.Ad-Hoc|x86.Deploy.0 = Release|x86
		{0E7FDA1B-EAF3-4F50-B3C5-FAB87406C2FA}.AppStore|Any CPU.ActiveCfg = Release|Any CPU
		{0E7FDA1B-EAF3-4F50-B3C5-FAB87406C2FA}.AppStore|Any CPU.Build.0 = Release|Any CPU
		{0E7FDA1B-EAF3-4F50-B3C5-FAB87406C2FA}.AppStore|Any CPU.Deploy.0 = Release|Any CPU
		{0E7FDA1B-EAF3-4F50-B3C5-FAB87406C2FA}.AppStore|ARM.ActiveCfg = Release|ARM
		{0E7FDA1B-EAF3-4F50-B3C5-FAB87406C2FA}.AppStore|ARM.Build.0 = Release|ARM
		{0E7FDA1B-EAF3-4F50-B3C5-FAB87406C2FA}.AppStore|ARM.Deploy.0 = Release|ARM
		{0E7FDA1B-EAF3-4F50-B3C5-FAB87406C2FA}.AppStore|iPhone.ActiveCfg = Release|Any CPU
		{0E7FDA1B-EAF3-4F50-B3C5-FAB87406C2FA}.AppStore|iPhoneSimulator.ActiveCfg = Release|Any CPU
		{0E7FDA1B-EAF3-4F50-B3C5-FAB87406C2FA}.AppStore|Mixed Platforms.ActiveCfg = Release|x86
		{0E7FDA1B-EAF3-4F50-B3C5-FAB87406C2FA}.AppStore|Mixed Platforms.Build.0 = Release|x86
		{0E7FDA1B-EAF3-4F50-B3C5-FAB87406C2FA}.AppStore|Mixed Platforms.Deploy.0 = Release|x86
		{0E7FDA1B-EAF3-4F50-B3C5-FAB87406C2FA}.AppStore|x86.ActiveCfg = Release|x86
		{0E7FDA1B-EAF3-4F50-B3C5-FAB87406C2FA}.AppStore|x86.Build.0 = Release|x86
		{0E7FDA1B-EAF3-4F50-B3C5-FAB87406C2FA}.AppStore|x86.Deploy.0 = Release|x86
		{0E7FDA1B-EAF3-4F50-B3C5-FAB87406C2FA}.Debug|Any CPU.ActiveCfg = Debug|Any CPU
		{0E7FDA1B-EAF3-4F50-B3C5-FAB87406C2FA}.Debug|Any CPU.Build.0 = Debug|Any CPU
		{0E7FDA1B-EAF3-4F50-B3C5-FAB87406C2FA}.Debug|Any CPU.Deploy.0 = Debug|Any CPU
		{0E7FDA1B-EAF3-4F50-B3C5-FAB87406C2FA}.Debug|ARM.ActiveCfg = Debug|ARM
		{0E7FDA1B-EAF3-4F50-B3C5-FAB87406C2FA}.Debug|ARM.Build.0 = Debug|ARM
		{0E7FDA1B-EAF3-4F50-B3C5-FAB87406C2FA}.Debug|ARM.Deploy.0 = Debug|ARM
		{0E7FDA1B-EAF3-4F50-B3C5-FAB87406C2FA}.Debug|iPhone.ActiveCfg = Debug|Any CPU
		{0E7FDA1B-EAF3-4F50-B3C5-FAB87406C2FA}.Debug|iPhoneSimulator.ActiveCfg = Debug|Any CPU
		{0E7FDA1B-EAF3-4F50-B3C5-FAB87406C2FA}.Debug|Mixed Platforms.ActiveCfg = Debug|x86
		{0E7FDA1B-EAF3-4F50-B3C5-FAB87406C2FA}.Debug|Mixed Platforms.Build.0 = Debug|x86
		{0E7FDA1B-EAF3-4F50-B3C5-FAB87406C2FA}.Debug|Mixed Platforms.Deploy.0 = Debug|x86
		{0E7FDA1B-EAF3-4F50-B3C5-FAB87406C2FA}.Debug|x86.ActiveCfg = Debug|x86
		{0E7FDA1B-EAF3-4F50-B3C5-FAB87406C2FA}.Debug|x86.Build.0 = Debug|x86
		{0E7FDA1B-EAF3-4F50-B3C5-FAB87406C2FA}.Debug|x86.Deploy.0 = Debug|x86
		{0E7FDA1B-EAF3-4F50-B3C5-FAB87406C2FA}.Release|Any CPU.ActiveCfg = Release|Any CPU
		{0E7FDA1B-EAF3-4F50-B3C5-FAB87406C2FA}.Release|Any CPU.Build.0 = Release|Any CPU
		{0E7FDA1B-EAF3-4F50-B3C5-FAB87406C2FA}.Release|Any CPU.Deploy.0 = Release|Any CPU
		{0E7FDA1B-EAF3-4F50-B3C5-FAB87406C2FA}.Release|ARM.ActiveCfg = Release|ARM
		{0E7FDA1B-EAF3-4F50-B3C5-FAB87406C2FA}.Release|ARM.Build.0 = Release|ARM
		{0E7FDA1B-EAF3-4F50-B3C5-FAB87406C2FA}.Release|ARM.Deploy.0 = Release|ARM
		{0E7FDA1B-EAF3-4F50-B3C5-FAB87406C2FA}.Release|iPhone.ActiveCfg = Release|Any CPU
		{0E7FDA1B-EAF3-4F50-B3C5-FAB87406C2FA}.Release|iPhoneSimulator.ActiveCfg = Release|Any CPU
		{0E7FDA1B-EAF3-4F50-B3C5-FAB87406C2FA}.Release|Mixed Platforms.ActiveCfg = Release|x86
		{0E7FDA1B-EAF3-4F50-B3C5-FAB87406C2FA}.Release|Mixed Platforms.Build.0 = Release|x86
		{0E7FDA1B-EAF3-4F50-B3C5-FAB87406C2FA}.Release|Mixed Platforms.Deploy.0 = Release|x86
		{0E7FDA1B-EAF3-4F50-B3C5-FAB87406C2FA}.Release|x86.ActiveCfg = Release|x86
		{0E7FDA1B-EAF3-4F50-B3C5-FAB87406C2FA}.Release|x86.Build.0 = Release|x86
		{0E7FDA1B-EAF3-4F50-B3C5-FAB87406C2FA}.Release|x86.Deploy.0 = Release|x86
		{2454B06C-C916-4388-A8F1-635BD447CBC5}.Ad-Hoc|Any CPU.ActiveCfg = Release|Any CPU
		{2454B06C-C916-4388-A8F1-635BD447CBC5}.Ad-Hoc|Any CPU.Build.0 = Release|Any CPU
		{2454B06C-C916-4388-A8F1-635BD447CBC5}.Ad-Hoc|ARM.ActiveCfg = Release|Any CPU
		{2454B06C-C916-4388-A8F1-635BD447CBC5}.Ad-Hoc|iPhone.ActiveCfg = Release|Any CPU
		{2454B06C-C916-4388-A8F1-635BD447CBC5}.Ad-Hoc|iPhoneSimulator.ActiveCfg = Release|Any CPU
		{2454B06C-C916-4388-A8F1-635BD447CBC5}.Ad-Hoc|Mixed Platforms.ActiveCfg = Release|Any CPU
		{2454B06C-C916-4388-A8F1-635BD447CBC5}.Ad-Hoc|Mixed Platforms.Build.0 = Release|Any CPU
		{2454B06C-C916-4388-A8F1-635BD447CBC5}.Ad-Hoc|x86.ActiveCfg = Release|Any CPU
		{2454B06C-C916-4388-A8F1-635BD447CBC5}.AppStore|Any CPU.ActiveCfg = Release|Any CPU
		{2454B06C-C916-4388-A8F1-635BD447CBC5}.AppStore|Any CPU.Build.0 = Release|Any CPU
		{2454B06C-C916-4388-A8F1-635BD447CBC5}.AppStore|ARM.ActiveCfg = Release|Any CPU
		{2454B06C-C916-4388-A8F1-635BD447CBC5}.AppStore|iPhone.ActiveCfg = Release|Any CPU
		{2454B06C-C916-4388-A8F1-635BD447CBC5}.AppStore|iPhoneSimulator.ActiveCfg = Release|Any CPU
		{2454B06C-C916-4388-A8F1-635BD447CBC5}.AppStore|Mixed Platforms.ActiveCfg = Release|Any CPU
		{2454B06C-C916-4388-A8F1-635BD447CBC5}.AppStore|Mixed Platforms.Build.0 = Release|Any CPU
		{2454B06C-C916-4388-A8F1-635BD447CBC5}.AppStore|x86.ActiveCfg = Release|Any CPU
		{2454B06C-C916-4388-A8F1-635BD447CBC5}.Debug|Any CPU.ActiveCfg = Debug|Any CPU
		{2454B06C-C916-4388-A8F1-635BD447CBC5}.Debug|Any CPU.Build.0 = Debug|Any CPU
		{2454B06C-C916-4388-A8F1-635BD447CBC5}.Debug|ARM.ActiveCfg = Debug|Any CPU
		{2454B06C-C916-4388-A8F1-635BD447CBC5}.Debug|iPhone.ActiveCfg = Debug|Any CPU
		{2454B06C-C916-4388-A8F1-635BD447CBC5}.Debug|iPhoneSimulator.ActiveCfg = Debug|Any CPU
		{2454B06C-C916-4388-A8F1-635BD447CBC5}.Debug|Mixed Platforms.ActiveCfg = Debug|Any CPU
		{2454B06C-C916-4388-A8F1-635BD447CBC5}.Debug|Mixed Platforms.Build.0 = Debug|Any CPU
		{2454B06C-C916-4388-A8F1-635BD447CBC5}.Debug|x86.ActiveCfg = Debug|Any CPU
		{2454B06C-C916-4388-A8F1-635BD447CBC5}.Release|Any CPU.ActiveCfg = Release|Any CPU
		{2454B06C-C916-4388-A8F1-635BD447CBC5}.Release|Any CPU.Build.0 = Release|Any CPU
		{2454B06C-C916-4388-A8F1-635BD447CBC5}.Release|ARM.ActiveCfg = Release|Any CPU
		{2454B06C-C916-4388-A8F1-635BD447CBC5}.Release|iPhone.ActiveCfg = Release|Any CPU
		{2454B06C-C916-4388-A8F1-635BD447CBC5}.Release|iPhoneSimulator.ActiveCfg = Release|Any CPU
		{2454B06C-C916-4388-A8F1-635BD447CBC5}.Release|Mixed Platforms.ActiveCfg = Release|Any CPU
		{2454B06C-C916-4388-A8F1-635BD447CBC5}.Release|Mixed Platforms.Build.0 = Release|Any CPU
		{2454B06C-C916-4388-A8F1-635BD447CBC5}.Release|x86.ActiveCfg = Release|Any CPU
		{4C89B772-51B7-447A-B2DA-AB861AAF8507}.Ad-Hoc|Any CPU.ActiveCfg = Ad-Hoc|iPhone
		{4C89B772-51B7-447A-B2DA-AB861AAF8507}.Ad-Hoc|ARM.ActiveCfg = Ad-Hoc|iPhone
		{4C89B772-51B7-447A-B2DA-AB861AAF8507}.Ad-Hoc|iPhone.ActiveCfg = Ad-Hoc|iPhone
		{4C89B772-51B7-447A-B2DA-AB861AAF8507}.Ad-Hoc|iPhone.Build.0 = Ad-Hoc|iPhone
		{4C89B772-51B7-447A-B2DA-AB861AAF8507}.Ad-Hoc|iPhoneSimulator.ActiveCfg = Ad-Hoc|iPhoneSimulator
		{4C89B772-51B7-447A-B2DA-AB861AAF8507}.Ad-Hoc|iPhoneSimulator.Build.0 = Ad-Hoc|iPhoneSimulator
		{4C89B772-51B7-447A-B2DA-AB861AAF8507}.Ad-Hoc|Mixed Platforms.ActiveCfg = Ad-Hoc|iPhone
		{4C89B772-51B7-447A-B2DA-AB861AAF8507}.Ad-Hoc|Mixed Platforms.Build.0 = Ad-Hoc|iPhone
		{4C89B772-51B7-447A-B2DA-AB861AAF8507}.Ad-Hoc|x86.ActiveCfg = Ad-Hoc|iPhone
		{4C89B772-51B7-447A-B2DA-AB861AAF8507}.AppStore|Any CPU.ActiveCfg = AppStore|iPhone
		{4C89B772-51B7-447A-B2DA-AB861AAF8507}.AppStore|ARM.ActiveCfg = AppStore|iPhone
		{4C89B772-51B7-447A-B2DA-AB861AAF8507}.AppStore|iPhone.ActiveCfg = AppStore|iPhone
		{4C89B772-51B7-447A-B2DA-AB861AAF8507}.AppStore|iPhone.Build.0 = AppStore|iPhone
		{4C89B772-51B7-447A-B2DA-AB861AAF8507}.AppStore|iPhoneSimulator.ActiveCfg = AppStore|iPhoneSimulator
		{4C89B772-51B7-447A-B2DA-AB861AAF8507}.AppStore|iPhoneSimulator.Build.0 = AppStore|iPhoneSimulator
		{4C89B772-51B7-447A-B2DA-AB861AAF8507}.AppStore|Mixed Platforms.ActiveCfg = AppStore|iPhone
		{4C89B772-51B7-447A-B2DA-AB861AAF8507}.AppStore|Mixed Platforms.Build.0 = AppStore|iPhone
		{4C89B772-51B7-447A-B2DA-AB861AAF8507}.AppStore|x86.ActiveCfg = AppStore|iPhone
		{4C89B772-51B7-447A-B2DA-AB861AAF8507}.Debug|Any CPU.ActiveCfg = Debug|iPhone
		{4C89B772-51B7-447A-B2DA-AB861AAF8507}.Debug|ARM.ActiveCfg = Debug|iPhone
		{4C89B772-51B7-447A-B2DA-AB861AAF8507}.Debug|iPhone.ActiveCfg = Debug|iPhone
		{4C89B772-51B7-447A-B2DA-AB861AAF8507}.Debug|iPhone.Build.0 = Debug|iPhone
		{4C89B772-51B7-447A-B2DA-AB861AAF8507}.Debug|iPhoneSimulator.ActiveCfg = Debug|iPhoneSimulator
		{4C89B772-51B7-447A-B2DA-AB861AAF8507}.Debug|iPhoneSimulator.Build.0 = Debug|iPhoneSimulator
		{4C89B772-51B7-447A-B2DA-AB861AAF8507}.Debug|Mixed Platforms.ActiveCfg = Debug|iPhone
		{4C89B772-51B7-447A-B2DA-AB861AAF8507}.Debug|Mixed Platforms.Build.0 = Debug|iPhone
		{4C89B772-51B7-447A-B2DA-AB861AAF8507}.Debug|x86.ActiveCfg = Debug|iPhone
		{4C89B772-51B7-447A-B2DA-AB861AAF8507}.Release|Any CPU.ActiveCfg = Release|iPhone
		{4C89B772-51B7-447A-B2DA-AB861AAF8507}.Release|ARM.ActiveCfg = Release|iPhone
		{4C89B772-51B7-447A-B2DA-AB861AAF8507}.Release|iPhone.ActiveCfg = Release|iPhone
		{4C89B772-51B7-447A-B2DA-AB861AAF8507}.Release|iPhone.Build.0 = Release|iPhone
		{4C89B772-51B7-447A-B2DA-AB861AAF8507}.Release|iPhoneSimulator.ActiveCfg = Release|iPhoneSimulator
		{4C89B772-51B7-447A-B2DA-AB861AAF8507}.Release|iPhoneSimulator.Build.0 = Release|iPhoneSimulator
		{4C89B772-51B7-447A-B2DA-AB861AAF8507}.Release|Mixed Platforms.ActiveCfg = Release|iPhone
		{4C89B772-51B7-447A-B2DA-AB861AAF8507}.Release|Mixed Platforms.Build.0 = Release|iPhone
		{4C89B772-51B7-447A-B2DA-AB861AAF8507}.Release|x86.ActiveCfg = Release|iPhone
		{785C7200-9F06-445E-BD48-50F09A7AAD68}.Ad-Hoc|Any CPU.ActiveCfg = Release|Any CPU
		{785C7200-9F06-445E-BD48-50F09A7AAD68}.Ad-Hoc|Any CPU.Build.0 = Release|Any CPU
		{785C7200-9F06-445E-BD48-50F09A7AAD68}.Ad-Hoc|ARM.ActiveCfg = Release|Any CPU
		{785C7200-9F06-445E-BD48-50F09A7AAD68}.Ad-Hoc|iPhone.ActiveCfg = Release|Any CPU
		{785C7200-9F06-445E-BD48-50F09A7AAD68}.Ad-Hoc|iPhoneSimulator.ActiveCfg = Release|Any CPU
		{785C7200-9F06-445E-BD48-50F09A7AAD68}.Ad-Hoc|Mixed Platforms.ActiveCfg = Release|Any CPU
		{785C7200-9F06-445E-BD48-50F09A7AAD68}.Ad-Hoc|Mixed Platforms.Build.0 = Release|Any CPU
		{785C7200-9F06-445E-BD48-50F09A7AAD68}.Ad-Hoc|x86.ActiveCfg = Release|Any CPU
		{785C7200-9F06-445E-BD48-50F09A7AAD68}.AppStore|Any CPU.ActiveCfg = Release|Any CPU
		{785C7200-9F06-445E-BD48-50F09A7AAD68}.AppStore|Any CPU.Build.0 = Release|Any CPU
		{785C7200-9F06-445E-BD48-50F09A7AAD68}.AppStore|ARM.ActiveCfg = Release|Any CPU
		{785C7200-9F06-445E-BD48-50F09A7AAD68}.AppStore|iPhone.ActiveCfg = Release|Any CPU
		{785C7200-9F06-445E-BD48-50F09A7AAD68}.AppStore|iPhoneSimulator.ActiveCfg = Release|Any CPU
		{785C7200-9F06-445E-BD48-50F09A7AAD68}.AppStore|Mixed Platforms.ActiveCfg = Release|Any CPU
		{785C7200-9F06-445E-BD48-50F09A7AAD68}.AppStore|Mixed Platforms.Build.0 = Release|Any CPU
		{785C7200-9F06-445E-BD48-50F09A7AAD68}.AppStore|x86.ActiveCfg = Release|Any CPU
		{785C7200-9F06-445E-BD48-50F09A7AAD68}.Debug|Any CPU.ActiveCfg = Debug|Any CPU
		{785C7200-9F06-445E-BD48-50F09A7AAD68}.Debug|Any CPU.Build.0 = Debug|Any CPU
		{785C7200-9F06-445E-BD48-50F09A7AAD68}.Debug|ARM.ActiveCfg = Debug|Any CPU
		{785C7200-9F06-445E-BD48-50F09A7AAD68}.Debug|iPhone.ActiveCfg = Debug|Any CPU
		{785C7200-9F06-445E-BD48-50F09A7AAD68}.Debug|iPhoneSimulator.ActiveCfg = Debug|Any CPU
		{785C7200-9F06-445E-BD48-50F09A7AAD68}.Debug|Mixed Platforms.ActiveCfg = Debug|Any CPU
		{785C7200-9F06-445E-BD48-50F09A7AAD68}.Debug|Mixed Platforms.Build.0 = Debug|Any CPU
		{785C7200-9F06-445E-BD48-50F09A7AAD68}.Debug|x86.ActiveCfg = Debug|Any CPU
		{785C7200-9F06-445E-BD48-50F09A7AAD68}.Release|Any CPU.ActiveCfg = Release|Any CPU
		{785C7200-9F06-445E-BD48-50F09A7AAD68}.Release|Any CPU.Build.0 = Release|Any CPU
		{785C7200-9F06-445E-BD48-50F09A7AAD68}.Release|ARM.ActiveCfg = Release|Any CPU
		{785C7200-9F06-445E-BD48-50F09A7AAD68}.Release|iPhone.ActiveCfg = Release|Any CPU
		{785C7200-9F06-445E-BD48-50F09A7AAD68}.Release|iPhoneSimulator.ActiveCfg = Release|Any CPU
		{785C7200-9F06-445E-BD48-50F09A7AAD68}.Release|Mixed Platforms.ActiveCfg = Release|Any CPU
		{785C7200-9F06-445E-BD48-50F09A7AAD68}.Release|Mixed Platforms.Build.0 = Release|Any CPU
		{785C7200-9F06-445E-BD48-50F09A7AAD68}.Release|x86.ActiveCfg = Release|Any CPU
		{E561C1A0-5F84-42B5-AC2C-4E33717E2D17}.Ad-Hoc|Any CPU.ActiveCfg = Release|Any CPU
		{E561C1A0-5F84-42B5-AC2C-4E33717E2D17}.Ad-Hoc|Any CPU.Build.0 = Release|Any CPU
		{E561C1A0-5F84-42B5-AC2C-4E33717E2D17}.Ad-Hoc|Any CPU.Deploy.0 = Release|Any CPU
		{E561C1A0-5F84-42B5-AC2C-4E33717E2D17}.Ad-Hoc|ARM.ActiveCfg = Release|Any CPU
		{E561C1A0-5F84-42B5-AC2C-4E33717E2D17}.Ad-Hoc|iPhone.ActiveCfg = Release|Any CPU
		{E561C1A0-5F84-42B5-AC2C-4E33717E2D17}.Ad-Hoc|iPhoneSimulator.ActiveCfg = Release|Any CPU
		{E561C1A0-5F84-42B5-AC2C-4E33717E2D17}.Ad-Hoc|Mixed Platforms.ActiveCfg = Release|Any CPU
		{E561C1A0-5F84-42B5-AC2C-4E33717E2D17}.Ad-Hoc|Mixed Platforms.Build.0 = Release|Any CPU
		{E561C1A0-5F84-42B5-AC2C-4E33717E2D17}.Ad-Hoc|Mixed Platforms.Deploy.0 = Release|Any CPU
		{E561C1A0-5F84-42B5-AC2C-4E33717E2D17}.Ad-Hoc|x86.ActiveCfg = Release|Any CPU
		{E561C1A0-5F84-42B5-AC2C-4E33717E2D17}.AppStore|Any CPU.ActiveCfg = Release|Any CPU
		{E561C1A0-5F84-42B5-AC2C-4E33717E2D17}.AppStore|Any CPU.Build.0 = Release|Any CPU
		{E561C1A0-5F84-42B5-AC2C-4E33717E2D17}.AppStore|Any CPU.Deploy.0 = Release|Any CPU
		{E561C1A0-5F84-42B5-AC2C-4E33717E2D17}.AppStore|ARM.ActiveCfg = Release|Any CPU
		{E561C1A0-5F84-42B5-AC2C-4E33717E2D17}.AppStore|iPhone.ActiveCfg = Release|Any CPU
		{E561C1A0-5F84-42B5-AC2C-4E33717E2D17}.AppStore|iPhoneSimulator.ActiveCfg = Release|Any CPU
		{E561C1A0-5F84-42B5-AC2C-4E33717E2D17}.AppStore|Mixed Platforms.ActiveCfg = Release|Any CPU
		{E561C1A0-5F84-42B5-AC2C-4E33717E2D17}.AppStore|Mixed Platforms.Build.0 = Release|Any CPU
		{E561C1A0-5F84-42B5-AC2C-4E33717E2D17}.AppStore|Mixed Platforms.Deploy.0 = Release|Any CPU
		{E561C1A0-5F84-42B5-AC2C-4E33717E2D17}.AppStore|x86.ActiveCfg = Release|Any CPU
		{E561C1A0-5F84-42B5-AC2C-4E33717E2D17}.Debug|Any CPU.ActiveCfg = Debug|Any CPU
		{E561C1A0-5F84-42B5-AC2C-4E33717E2D17}.Debug|Any CPU.Build.0 = Debug|Any CPU
		{E561C1A0-5F84-42B5-AC2C-4E33717E2D17}.Debug|Any CPU.Deploy.0 = Debug|Any CPU
		{E561C1A0-5F84-42B5-AC2C-4E33717E2D17}.Debug|ARM.ActiveCfg = Debug|Any CPU
		{E561C1A0-5F84-42B5-AC2C-4E33717E2D17}.Debug|iPhone.ActiveCfg = Debug|Any CPU
		{E561C1A0-5F84-42B5-AC2C-4E33717E2D17}.Debug|iPhoneSimulator.ActiveCfg = Debug|Any CPU
		{E561C1A0-5F84-42B5-AC2C-4E33717E2D17}.Debug|Mixed Platforms.ActiveCfg = Debug|Any CPU
		{E561C1A0-5F84-42B5-AC2C-4E33717E2D17}.Debug|Mixed Platforms.Build.0 = Debug|Any CPU
		{E561C1A0-5F84-42B5-AC2C-4E33717E2D17}.Debug|Mixed Platforms.Deploy.0 = Debug|Any CPU
		{E561C1A0-5F84-42B5-AC2C-4E33717E2D17}.Debug|x86.ActiveCfg = Debug|Any CPU
		{E561C1A0-5F84-42B5-AC2C-4E33717E2D17}.Release|Any CPU.ActiveCfg = Release|Any CPU
		{E561C1A0-5F84-42B5-AC2C-4E33717E2D17}.Release|Any CPU.Build.0 = Release|Any CPU
		{E561C1A0-5F84-42B5-AC2C-4E33717E2D17}.Release|Any CPU.Deploy.0 = Release|Any CPU
		{E561C1A0-5F84-42B5-AC2C-4E33717E2D17}.Release|ARM.ActiveCfg = Release|Any CPU
		{E561C1A0-5F84-42B5-AC2C-4E33717E2D17}.Release|iPhone.ActiveCfg = Release|Any CPU
		{E561C1A0-5F84-42B5-AC2C-4E33717E2D17}.Release|iPhoneSimulator.ActiveCfg = Release|Any CPU
		{E561C1A0-5F84-42B5-AC2C-4E33717E2D17}.Release|Mixed Platforms.ActiveCfg = Release|Any CPU
		{E561C1A0-5F84-42B5-AC2C-4E33717E2D17}.Release|Mixed Platforms.Build.0 = Release|Any CPU
		{E561C1A0-5F84-42B5-AC2C-4E33717E2D17}.Release|Mixed Platforms.Deploy.0 = Release|Any CPU
		{E561C1A0-5F84-42B5-AC2C-4E33717E2D17}.Release|x86.ActiveCfg = Release|Any CPU
	EndGlobalSection
	GlobalSection(SolutionProperties) = preSolution
		HideSolutionNode = FALSE
	EndGlobalSection
EndGlobal
